dependencies:
  espressif/esp-dsp:
    component_hash: 3e7bbd487f1357a1d4944d0c85966d049501ea281b8a4c7f93f7cfedd5b7f23d
    source:
      service_url: https://api.components.espressif.com/
      type: service
    version: 1.4.12
  idf:
    component_hash: null
    source:
      type: idf
    version: 4.4.8
manifest_hash: 0d8493838bf51ab371f82edf194659bd621d295c0ba2415aee9212de5bcce85c
target: esp32
version: 1.0.0
